
Microsoft Visual Studio Solution File, Format Version 12.00
# Visual Studio Version 17
VisualStudioVersion = 17.0.31903.59
MinimumVisualStudioVersion = 10.0.40219.1
Project("{2150E333-8FDC-42A3-9474-1A3956D46DE8}") = "Solution Items", "Solution Items", "{BCB45FAB-34F3-4E43-BCA2-790F4C362611}"
	ProjectSection(SolutionItems) = preProject
		README.md = README.md
	EndProjectSection
EndProject
Project("{9A19103F-16F7-4668-BE54-9A1E7A4F7556}") = "Chapter01", "Chapter01\Chapter01.csproj", "{2EB417F4-E20F-40F0-B186-41CB8A126788}"
EndProject
Project("{9A19103F-16F7-4668-BE54-9A1E7A4F7556}") = "Chapter00", "Chapter00\Chapter00.csproj", "{A9F9401A-5C7E-4829-9EEC-CD2CE0786575}"
EndProject
Project("{9A19103F-16F7-4668-BE54-9A1E7A4F7556}") = "Chapter02", "Chapter02\Chapter02.csproj", "{796B200C-7ACD-485F-BDD0-71E3AE9FFBD1}"
EndProject
Project("{9A19103F-16F7-4668-BE54-9A1E7A4F7556}") = "Azon.WeatherLib", "Azon.WeatherLib\Azon.WeatherLib.csproj", "{11B73CC5-FB3F-488D-B554-C1D076E0B75F}"
EndProject
Project("{9A19103F-16F7-4668-BE54-9A1E7A4F7556}") = "Chapter03", "Chapter03\Chapter03.csproj", "{FA6E15AA-A5E9-4AC5-9A54-18CBB6833682}"
EndProject
Project("{9A19103F-16F7-4668-BE54-9A1E7A4F7556}") = "Chapter04", "Chapter04\Chapter04.csproj", "{1CDC6C2D-EDA9-4453-BBA9-55AFC0E1DBFF}"
EndProject
Project("{2150E333-8FDC-42A3-9474-1A3956D46DE8}") = "Practices", "Practices", "{13F25CB7-9F3A-4282-81B0-6B9D7D453F75}"
EndProject
Project("{2150E333-8FDC-42A3-9474-1A3956D46DE8}") = "Yellow", "Yellow", "{9C8C1DB5-8948-48B7-A817-92957DE5BC3F}"
EndProject
Project("{2150E333-8FDC-42A3-9474-1A3956D46DE8}") = "Orange", "Orange", "{7B076E92-B821-4A35-8FDC-21505A66CC7C}"
EndProject
Project("{2150E333-8FDC-42A3-9474-1A3956D46DE8}") = "Red", "Red", "{4505D4C5-348A-45B0-BFBF-71A6DDFDBEB0}"
EndProject
Project("{FAE04EC0-301F-11D3-BF4B-00C04F79EFBC}") = "Y00", "Practices\Yellow\Y00\Y00.csproj", "{24C0A3F7-59D8-4E49-82C2-E4EC27A99C8B}"
EndProject
Project("{2150E333-8FDC-42A3-9474-1A3956D46DE8}") = "FreeZone", "FreeZone", "{0C8F7AAE-55DC-46D9-9BE6-F7CA135C9214}"
EndProject
Project("{FAE04EC0-301F-11D3-BF4B-00C04F79EFBC}") = "Learning.Interfaces", "FreeZone\Learning.Interfaces\Learning.Interfaces.csproj", "{48D89924-120A-4B60-9AB3-69E0C83643C1}"
EndProject
Project("{FAE04EC0-301F-11D3-BF4B-00C04F79EFBC}") = "Learning.Loops", "FreeZone\Learning.Loops\Learning.Loops.csproj", "{05759530-DF58-40C1-80AA-E261B5DCDBEC}"
EndProject
Project("{FAE04EC0-301F-11D3-BF4B-00C04F79EFBC}") = "Learning.Structs", "FreeZone\Learning.Structs\Learning.Structs.csproj", "{D5CA2E7A-0408-4CC4-9DBC-B98EE365DA96}"
EndProject
Project("{FAE04EC0-301F-11D3-BF4B-00C04F79EFBC}") = "Learning.Structs.Client", "FreeZone\Learning.Structs.Client\Learning.Structs.Client.csproj", "{A42537B9-9763-4351-90FE-15C68C1216CD}"
EndProject
Project("{FAE04EC0-301F-11D3-BF4B-00C04F79EFBC}") = "O01", "Practices\Orange\O01\O01.csproj", "{0257B422-27CF-419D-B15F-DB9C8A06B246}"
EndProject
Global
	GlobalSection(SolutionConfigurationPlatforms) = preSolution
		Debug|Any CPU = Debug|Any CPU
		Release|Any CPU = Release|Any CPU
	EndGlobalSection
	GlobalSection(ProjectConfigurationPlatforms) = postSolution
		{2EB417F4-E20F-40F0-B186-41CB8A126788}.Debug|Any CPU.ActiveCfg = Debug|Any CPU
		{2EB417F4-E20F-40F0-B186-41CB8A126788}.Debug|Any CPU.Build.0 = Debug|Any CPU
		{2EB417F4-E20F-40F0-B186-41CB8A126788}.Release|Any CPU.ActiveCfg = Release|Any CPU
		{2EB417F4-E20F-40F0-B186-41CB8A126788}.Release|Any CPU.Build.0 = Release|Any CPU
		{A9F9401A-5C7E-4829-9EEC-CD2CE0786575}.Debug|Any CPU.ActiveCfg = Debug|Any CPU
		{A9F9401A-5C7E-4829-9EEC-CD2CE0786575}.Debug|Any CPU.Build.0 = Debug|Any CPU
		{A9F9401A-5C7E-4829-9EEC-CD2CE0786575}.Release|Any CPU.ActiveCfg = Release|Any CPU
		{A9F9401A-5C7E-4829-9EEC-CD2CE0786575}.Release|Any CPU.Build.0 = Release|Any CPU
		{796B200C-7ACD-485F-BDD0-71E3AE9FFBD1}.Debug|Any CPU.ActiveCfg = Debug|Any CPU
		{796B200C-7ACD-485F-BDD0-71E3AE9FFBD1}.Debug|Any CPU.Build.0 = Debug|Any CPU
		{796B200C-7ACD-485F-BDD0-71E3AE9FFBD1}.Release|Any CPU.ActiveCfg = Release|Any CPU
		{796B200C-7ACD-485F-BDD0-71E3AE9FFBD1}.Release|Any CPU.Build.0 = Release|Any CPU
		{11B73CC5-FB3F-488D-B554-C1D076E0B75F}.Debug|Any CPU.ActiveCfg = Debug|Any CPU
		{11B73CC5-FB3F-488D-B554-C1D076E0B75F}.Debug|Any CPU.Build.0 = Debug|Any CPU
		{11B73CC5-FB3F-488D-B554-C1D076E0B75F}.Release|Any CPU.ActiveCfg = Release|Any CPU
		{11B73CC5-FB3F-488D-B554-C1D076E0B75F}.Release|Any CPU.Build.0 = Release|Any CPU
		{FA6E15AA-A5E9-4AC5-9A54-18CBB6833682}.Debug|Any CPU.ActiveCfg = Debug|Any CPU
		{FA6E15AA-A5E9-4AC5-9A54-18CBB6833682}.Debug|Any CPU.Build.0 = Debug|Any CPU
		{FA6E15AA-A5E9-4AC5-9A54-18CBB6833682}.Release|Any CPU.ActiveCfg = Release|Any CPU
		{FA6E15AA-A5E9-4AC5-9A54-18CBB6833682}.Release|Any CPU.Build.0 = Release|Any CPU
		{1CDC6C2D-EDA9-4453-BBA9-55AFC0E1DBFF}.Debug|Any CPU.ActiveCfg = Debug|Any CPU
		{1CDC6C2D-EDA9-4453-BBA9-55AFC0E1DBFF}.Debug|Any CPU.Build.0 = Debug|Any CPU
		{1CDC6C2D-EDA9-4453-BBA9-55AFC0E1DBFF}.Release|Any CPU.ActiveCfg = Release|Any CPU
		{1CDC6C2D-EDA9-4453-BBA9-55AFC0E1DBFF}.Release|Any CPU.Build.0 = Release|Any CPU
		{24C0A3F7-59D8-4E49-82C2-E4EC27A99C8B}.Debug|Any CPU.ActiveCfg = Debug|Any CPU
		{24C0A3F7-59D8-4E49-82C2-E4EC27A99C8B}.Debug|Any CPU.Build.0 = Debug|Any CPU
		{24C0A3F7-59D8-4E49-82C2-E4EC27A99C8B}.Release|Any CPU.ActiveCfg = Release|Any CPU
		{24C0A3F7-59D8-4E49-82C2-E4EC27A99C8B}.Release|Any CPU.Build.0 = Release|Any CPU
		{48D89924-120A-4B60-9AB3-69E0C83643C1}.Debug|Any CPU.ActiveCfg = Debug|Any CPU
		{48D89924-120A-4B60-9AB3-69E0C83643C1}.Debug|Any CPU.Build.0 = Debug|Any CPU
		{48D89924-120A-4B60-9AB3-69E0C83643C1}.Release|Any CPU.ActiveCfg = Release|Any CPU
		{48D89924-120A-4B60-9AB3-69E0C83643C1}.Release|Any CPU.Build.0 = Release|Any CPU
		{05759530-DF58-40C1-80AA-E261B5DCDBEC}.Debug|Any CPU.ActiveCfg = Debug|Any CPU
		{05759530-DF58-40C1-80AA-E261B5DCDBEC}.Debug|Any CPU.Build.0 = Debug|Any CPU
		{05759530-DF58-40C1-80AA-E261B5DCDBEC}.Release|Any CPU.ActiveCfg = Release|Any CPU
		{05759530-DF58-40C1-80AA-E261B5DCDBEC}.Release|Any CPU.Build.0 = Release|Any CPU
		{D5CA2E7A-0408-4CC4-9DBC-B98EE365DA96}.Debug|Any CPU.ActiveCfg = Debug|Any CPU
		{D5CA2E7A-0408-4CC4-9DBC-B98EE365DA96}.Debug|Any CPU.Build.0 = Debug|Any CPU
		{D5CA2E7A-0408-4CC4-9DBC-B98EE365DA96}.Release|Any CPU.ActiveCfg = Release|Any CPU
		{D5CA2E7A-0408-4CC4-9DBC-B98EE365DA96}.Release|Any CPU.Build.0 = Release|Any CPU
		{A42537B9-9763-4351-90FE-15C68C1216CD}.Debug|Any CPU.ActiveCfg = Debug|Any CPU
		{A42537B9-9763-4351-90FE-15C68C1216CD}.Debug|Any CPU.Build.0 = Debug|Any CPU
		{A42537B9-9763-4351-90FE-15C68C1216CD}.Release|Any CPU.ActiveCfg = Release|Any CPU
		{A42537B9-9763-4351-90FE-15C68C1216CD}.Release|Any CPU.Build.0 = Release|Any CPU
		{0257B422-27CF-419D-B15F-DB9C8A06B246}.Debug|Any CPU.ActiveCfg = Debug|Any CPU
		{0257B422-27CF-419D-B15F-DB9C8A06B246}.Debug|Any CPU.Build.0 = Debug|Any CPU
		{0257B422-27CF-419D-B15F-DB9C8A06B246}.Release|Any CPU.ActiveCfg = Release|Any CPU
		{0257B422-27CF-419D-B15F-DB9C8A06B246}.Release|Any CPU.Build.0 = Release|Any CPU
	EndGlobalSection
	GlobalSection(SolutionProperties) = preSolution
		HideSolutionNode = FALSE
	EndGlobalSection
	GlobalSection(NestedProjects) = preSolution
		{9C8C1DB5-8948-48B7-A817-92957DE5BC3F} = {13F25CB7-9F3A-4282-81B0-6B9D7D453F75}
		{7B076E92-B821-4A35-8FDC-21505A66CC7C} = {13F25CB7-9F3A-4282-81B0-6B9D7D453F75}
		{4505D4C5-348A-45B0-BFBF-71A6DDFDBEB0} = {13F25CB7-9F3A-4282-81B0-6B9D7D453F75}
		{24C0A3F7-59D8-4E49-82C2-E4EC27A99C8B} = {9C8C1DB5-8948-48B7-A817-92957DE5BC3F}
		{48D89924-120A-4B60-9AB3-69E0C83643C1} = {0C8F7AAE-55DC-46D9-9BE6-F7CA135C9214}
		{05759530-DF58-40C1-80AA-E261B5DCDBEC} = {0C8F7AAE-55DC-46D9-9BE6-F7CA135C9214}
		{D5CA2E7A-0408-4CC4-9DBC-B98EE365DA96} = {0C8F7AAE-55DC-46D9-9BE6-F7CA135C9214}
		{A42537B9-9763-4351-90FE-15C68C1216CD} = {0C8F7AAE-55DC-46D9-9BE6-F7CA135C9214}
		{0257B422-27CF-419D-B15F-DB9C8A06B246} = {7B076E92-B821-4A35-8FDC-21505A66CC7C}
	EndGlobalSection
	GlobalSection(ExtensibilityGlobals) = postSolution
		SolutionGuid = {A2622B61-B5A7-4CAD-9CC3-84B635B74D60}
	EndGlobalSection
EndGlobal
